// !$*UTF8*$!
{
	archiveVersion = 1;
	classes = {
	};
	objectVersion = 50;
	objects = {

/* Begin PBXBuildFile section */
		1886756D21DC83740018721D /* AppDelegate.swift in Sources */ = {isa = PBXBuildFile; fileRef = 1886756C21DC83740018721D /* AppDelegate.swift */; };
		1886757521DC83740018721D /* IKAResultApp.xcdatamodeld in Sources */ = {isa = PBXBuildFile; fileRef = 1886757321DC83740018721D /* IKAResultApp.xcdatamodeld */; };
		1886757721DC83780018721D /* Assets.xcassets in Resources */ = {isa = PBXBuildFile; fileRef = 1886757621DC83780018721D /* Assets.xcassets */; };
		1886757A21DC83780018721D /* LaunchScreen.storyboard in Resources */ = {isa = PBXBuildFile; fileRef = 1886757821DC83780018721D /* LaunchScreen.storyboard */; };
		18E9CC1721DC8F3100FE67B8 /* ResultViewController.swift in Sources */ = {isa = PBXBuildFile; fileRef = 18E9CC1621DC8F3100FE67B8 /* ResultViewController.swift */; };
		18E9CC1921DC8F5800FE67B8 /* TabViewController.swift in Sources */ = {isa = PBXBuildFile; fileRef = 18E9CC1821DC8F5800FE67B8 /* TabViewController.swift */; };
		18E9CC1C21DCD20000FE67B8 /* TablePartsCell.swift in Sources */ = {isa = PBXBuildFile; fileRef = 18E9CC1A21DCD20000FE67B8 /* TablePartsCell.swift */; };
		18E9CC1D21DCD20000FE67B8 /* TablePartsCell.xib in Resources */ = {isa = PBXBuildFile; fileRef = 18E9CC1B21DCD20000FE67B8 /* TablePartsCell.xib */; };
		18E9CC1F21E0B2AA00FE67B8 /* TestData.swift in Sources */ = {isa = PBXBuildFile; fileRef = 18E9CC1E21E0B2AA00FE67B8 /* TestData.swift */; };
/* End PBXBuildFile section */

/* Begin PBXFileReference section */
		1886756921DC83740018721D /* IKAResultApp.app */ = {isa = PBXFileReference; explicitFileType = wrapper.application; includeInIndex = 0; path = IKAResultApp.app; sourceTree = BUILT_PRODUCTS_DIR; };
		1886756C21DC83740018721D /* AppDelegate.swift */ = {isa = PBXFileReference; lastKnownFileType = sourcecode.swift; path = AppDelegate.swift; sourceTree = "<group>"; };
		1886757421DC83740018721D /* IKAResultApp.xcdatamodel */ = {isa = PBXFileReference; lastKnownFileType = wrapper.xcdatamodel; path = IKAResultApp.xcdatamodel; sourceTree = "<group>"; };
		1886757621DC83780018721D /* Assets.xcassets */ = {isa = PBXFileReference; lastKnownFileType = folder.assetcatalog; path = Assets.xcassets; sourceTree = "<group>"; };
		1886757921DC83780018721D /* Base */ = {isa = PBXFileReference; lastKnownFileType = file.storyboard; name = Base; path = Base.lproj/LaunchScreen.storyboard; sourceTree = "<group>"; };
		1886757B21DC83780018721D /* Info.plist */ = {isa = PBXFileReference; lastKnownFileType = text.plist.xml; path = Info.plist; sourceTree = "<group>"; };
		18E9CC1621DC8F3100FE67B8 /* ResultViewController.swift */ = {isa = PBXFileReference; fileEncoding = 4; lastKnownFileType = sourcecode.swift; path = ResultViewController.swift; sourceTree = "<group>"; };
		18E9CC1821DC8F5800FE67B8 /* TabViewController.swift */ = {isa = PBXFileReference; fileEncoding = 4; lastKnownFileType = sourcecode.swift; path = TabViewController.swift; sourceTree = "<group>"; };
		18E9CC1A21DCD20000FE67B8 /* TablePartsCell.swift */ = {isa = PBXFileReference; lastKnownFileType = sourcecode.swift; path = TablePartsCell.swift; sourceTree = "<group>"; };
		18E9CC1B21DCD20000FE67B8 /* TablePartsCell.xib */ = {isa = PBXFileReference; lastKnownFileType = file.xib; path = TablePartsCell.xib; sourceTree = "<group>"; };
		18E9CC1E21E0B2AA00FE67B8 /* TestData.swift */ = {isa = PBXFileReference; lastKnownFileType = sourcecode.swift; path = TestData.swift; sourceTree = "<group>"; };
/* End PBXFileReference section */

/* Begin PBXFrameworksBuildPhase section */
		1886756621DC83740018721D /* Frameworks */ = {
			isa = PBXFrameworksBuildPhase;
			buildActionMask = 2147483647;
			files = (
			);
			runOnlyForDeploymentPostprocessing = 0;
		};
/* End PBXFrameworksBuildPhase section */

/* Begin PBXGroup section */
		1886756021DC83740018721D = {
			isa = PBXGroup;
			children = (
				1886756B21DC83740018721D /* IKAResultApp */,
				1886756A21DC83740018721D /* Products */,
			);
			sourceTree = "<group>";
		};
		1886756A21DC83740018721D /* Products */ = {
			isa = PBXGroup;
			children = (
				1886756921DC83740018721D /* IKAResultApp.app */,
			);
			name = Products;
			sourceTree = "<group>";
		};
		1886756B21DC83740018721D /* IKAResultApp */ = {
			isa = PBXGroup;
			children = (
				18E9CC1821DC8F5800FE67B8 /* TabViewController.swift */,
				18E9CC1621DC8F3100FE67B8 /* ResultViewController.swift */,
				1886756C21DC83740018721D /* AppDelegate.swift */,
				1886757621DC83780018721D /* Assets.xcassets */,
				1886757821DC83780018721D /* LaunchScreen.storyboard */,
				1886757B21DC83780018721D /* Info.plist */,
				1886757321DC83740018721D /* IKAResultApp.xcdatamodeld */,
				18E9CC1A21DCD20000FE67B8 /* TablePartsCell.swift */,
				18E9CC1B21DCD20000FE67B8 /* TablePartsCell.xib */,
				18E9CC1E21E0B2AA00FE67B8 /* TestData.swift */,
			);
			path = IKAResultApp;
			sourceTree = "<group>";
		};
/* End PBXGroup section */

/* Begin PBXNativeTarget section */
		1886756821DC83740018721D /* IKAResultApp */ = {
			isa = PBXNativeTarget;
			buildConfigurationList = 1886757E21DC83780018721D /* Build configuration list for PBXNativeTarget "IKAResultApp" */;
			buildPhases = (
				1886756521DC83740018721D /* Sources */,
				1886756621DC83740018721D /* Frameworks */,
				1886756721DC83740018721D /* Resources */,
			);
			buildRules = (
			);
			dependencies = (
			);
			name = IKAResultApp;
			productName = IKAResultApp;
			productReference = 1886756921DC83740018721D /* IKAResultApp.app */;
			productType = "com.apple.product-type.application";
		};
/* End PBXNativeTarget section */

/* Begin PBXProject section */
		1886756121DC83740018721D /* Project object */ = {
			isa = PBXProject;
			attributes = {
				LastSwiftUpdateCheck = 1010;
				LastUpgradeCheck = 1010;
				ORGANIZATIONNAME = Baminami;
				TargetAttributes = {
					1886756821DC83740018721D = {
						CreatedOnToolsVersion = 10.1;
					};
				};
			};
			buildConfigurationList = 1886756421DC83740018721D /* Build configuration list for PBXProject "IKAResultApp" */;
			compatibilityVersion = "Xcode 9.3";
			developmentRegion = en;
			hasScannedForEncodings = 0;
			knownRegions = (
				en,
				Base,
			);
			mainGroup = 1886756021DC83740018721D;
			productRefGroup = 1886756A21DC83740018721D /* Products */;
			projectDirPath = "";
			projectRoot = "";
			targets = (
				1886756821DC83740018721D /* IKAResultApp */,
			);
		};
/* End PBXProject section */

/* Begin PBXResourcesBuildPhase section */
		1886756721DC83740018721D /* Resources */ = {
			isa = PBXResourcesBuildPhase;
			buildActionMask = 2147483647;
			files = (
				1886757A21DC83780018721D /* LaunchScreen.storyboard in Resources */,
				18E9CC1D21DCD20000FE67B8 /* TablePartsCell.xib in Resources */,
				1886757721DC83780018721D /* Assets.xcassets in Resources */,
			);
			runOnlyForDeploymentPostprocessing = 0;
		};
/* End PBXResourcesBuildPhase section */

/* Begin PBXSourcesBuildPhase section */
		1886756521DC83740018721D /* Sources */ = {
			isa = PBXSourcesBuildPhase;
			buildActionMask = 2147483647;
			files = (
				18E9CC1921DC8F5800FE67B8 /* TabViewController.swift in Sources */,
				1886756D21DC83740018721D /* AppDelegate.swift in Sources */,
				18E9CC1C21DCD20000FE67B8 /* TablePartsCell.swift in Sources */,
				18E9CC1F21E0B2AA00FE67B8 /* TestData.swift in Sources */,
				1886757521DC83740018721D /* IKAResultApp.xcdatamodeld in Sources */,
				18E9CC1721DC8F3100FE67B8 /* ResultViewController.swift in Sources */,
			);
			runOnlyForDeploymentPostprocessing = 0;
		};
/* End PBXSourcesBuildPhase section */

/* Begin PBXVariantGroup section */
		1886757821DC83780018721D /* LaunchScreen.storyboard */ = {
			isa = PBXVariantGroup;
			children = (
				1886757921DC83780018721D /* Base */,
			);
			name = LaunchScreen.storyboard;
			sourceTree = "<group>";
		};
/* End PBXVariantGroup section */

/* Begin XCBuildConfiguration section */
		1886757C21DC83780018721D /* Debug */ = {
			isa = XCBuildConfiguration;
			buildSettings = {
				ALWAYS_SEARCH_USER_PATHS = NO;
				CLANG_ANALYZER_NONNULL = YES;
				CLANG_ANALYZER_NUMBER_OBJECT_CONVERSION = YES_AGGRESSIVE;
				CLANG_CXX_LANGUAGE_STANDARD = "gnu++14";
				CLANG_CXX_LIBRARY = "libc++";
				CLANG_ENABLE_MODULES = YES;
				CLANG_ENABLE_OBJC_ARC = YES;
				CLANG_ENABLE_OBJC_WEAK = YES;
				CLANG_WARN_BLOCK_CAPTURE_AUTORELEASING = YES;
				CLANG_WARN_BOOL_CONVERSION = YES;
				CLANG_WARN_COMMA = YES;
				CLANG_WARN_CONSTANT_CONVERSION = YES;
				CLANG_WARN_DEPRECATED_OBJC_IMPLEMENTATIONS = YES;
				CLANG_WARN_DIRECT_OBJC_ISA_USAGE = YES_ERROR;
				CLANG_WARN_DOCUMENTATION_COMMENTS = YES;
				CLANG_WARN_EMPTY_BODY = YES;
				CLANG_WARN_ENUM_CONVERSION = YES;
				CLANG_WARN_INFINITE_RECURSION = YES;
				CLANG_WARN_INT_CONVERSION = YES;
				CLANG_WARN_NON_LITERAL_NULL_CONVERSION = YES;
				CLANG_WARN_OBJC_IMPLICIT_RETAIN_SELF = YES;
				CLANG_WARN_OBJC_LITERAL_CONVERSION = YES;
				CLANG_WARN_OBJC_ROOT_CLASS = YES_ERROR;
				CLANG_WARN_RANGE_LOOP_ANALYSIS = YES;
				CLANG_WARN_STRICT_PROTOTYPES = YES;
				CLANG_WARN_SUSPICIOUS_MOVE = YES;
				CLANG_WARN_UNGUARDED_AVAILABILITY = YES_AGGRESSIVE;
				CLANG_WARN_UNREACHABLE_CODE = YES;
				CLANG_WARN__DUPLICATE_METHOD_MATCH = YES;
				CODE_SIGN_IDENTITY = "iPhone Developer";
				COPY_PHASE_STRIP = NO;
				DEBUG_INFORMATION_FORMAT = dwarf;
				ENABLE_STRICT_OBJC_MSGSEND = YES;
				ENABLE_TESTABILITY = YES;
				GCC_C_LANGUAGE_STANDARD = gnu11;
				GCC_DYNAMIC_NO_PIC = NO;
				GCC_NO_COMMON_BLOCKS = YES;
				GCC_OPTIMIZATION_LEVEL = 0;
				GCC_PREPROCESSOR_DEFINITIONS = (
					"DEBUG=1",
					"$(inherited)",
				);
				GCC_WARN_64_TO_32_BIT_CONVERSION = YES;
				GCC_WARN_ABOUT_RETURN_TYPE = YES_ERROR;
				GCC_WARN_UNDECLARED_SELECTOR = YES;
				GCC_WARN_UNINITIALIZED_AUTOS = YES_AGGRESSIVE;
				GCC_WARN_UNUSED_FUNCTION = YES;
				GCC_WARN_UNUSED_VARIABLE = YES;
				IPHONEOS_DEPLOYMENT_TARGET = 12.1;
				MTL_ENABLE_DEBUG_INFO = INCLUDE_SOURCE;
				MTL_FAST_MATH = YES;
				ONLY_ACTIVE_ARCH = YES;
				SDKROOT = iphoneos;
				SWIFT_ACTIVE_COMPILATION_CONDITIONS = DEBUG;
				SWIFT_OPTIMIZATION_LEVEL = "-Onone";
			};
			name = Debug;
		};
		1886757D21DC83780018721D /* Release */ = {
			isa = XCBuildConfiguration;
			buildSettings = {
				ALWAYS_SEARCH_USER_PATHS = NO;
				CLANG_ANALYZER_NONNULL = YES;
				CLANG_ANALYZER_NUMBER_OBJECT_CONVERSION = YES_AGGRESSIVE;
				CLANG_CXX_LANGUAGE_STANDARD = "gnu++14";
				CLANG_CXX_LIBRARY = "libc++";
				CLANG_ENABLE_MODULES = YES;
				CLANG_ENABLE_OBJC_ARC = YES;
				CLANG_ENABLE_OBJC_WEAK = YES;
				CLANG_WARN_BLOCK_CAPTURE_AUTORELEASING = YES;
				CLANG_WARN_BOOL_CONVERSION = YES;
				CLANG_WARN_COMMA = YES;
				CLANG_WARN_CONSTANT_CONVERSION = YES;
				CLANG_WARN_DEPRECATED_OBJC_IMPLEMENTATIONS = YES;
				CLANG_WARN_DIRECT_OBJC_ISA_USAGE = YES_ERROR;
				CLANG_WARN_DOCUMENTATION_COMMENTS = YES;
				CLANG_WARN_EMPTY_BODY = YES;
				CLANG_WARN_ENUM_CONVERSION = YES;
				CLANG_WARN_INFINITE_RECURSION = YES;
				CLANG_WARN_INT_CONVERSION = YES;
				CLANG_WARN_NON_LITERAL_NULL_CONVERSION = YES;
				CLANG_WARN_OBJC_IMPLICIT_RETAIN_SELF = YES;
				CLANG_WARN_OBJC_LITERAL_CONVERSION = YES;
				CLANG_WARN_OBJC_ROOT_CLASS = YES_ERROR;
				CLANG_WARN_RANGE_LOOP_ANALYSIS = YES;
				CLANG_WARN_STRICT_PROTOTYPES = YES;
				CLANG_WARN_SUSPICIOUS_MOVE = YES;
				CLANG_WARN_UNGUARDED_AVAILABILITY = YES_AGGRESSIVE;
				CLANG_WARN_UNREACHABLE_CODE = YES;
				CLANG_WARN__DUPLICATE_METHOD_MATCH = YES;
				CODE_SIGN_IDENTITY = "iPhone Developer";
				COPY_PHASE_STRIP = NO;
				DEBUG_INFORMATION_FORMAT = "dwarf-with-dsym";
				ENABLE_NS_ASSERTIONS = NO;
				ENABLE_STRICT_OBJC_MSGSEND = YES;
				GCC_C_LANGUAGE_STANDARD = gnu11;
				GCC_NO_COMMON_BLOCKS = YES;
				GCC_WARN_64_TO_32_BIT_CONVERSION = YES;
				GCC_WARN_ABOUT_RETURN_TYPE = YES_ERROR;
				GCC_WARN_UNDECLARED_SELECTOR = YES;
				GCC_WARN_UNINITIALIZED_AUTOS = YES_AGGRESSIVE;
				GCC_WARN_UNUSED_FUNCTION = YES;
				GCC_WARN_UNUSED_VARIABLE = YES;
				IPHONEOS_DEPLOYMENT_TARGET = 12.1;
				MTL_ENABLE_DEBUG_INFO = NO;
				MTL_FAST_MATH = YES;
				SDKROOT = iphoneos;
				SWIFT_COMPILATION_MODE = wholemodule;
				SWIFT_OPTIMIZATION_LEVEL = "-O";
				VALIDATE_PRODUCT = YES;
			};
			name = Release;
		};
		1886757F21DC83780018721D /* Debug */ = {
			isa = XCBuildConfiguration;
			buildSettings = {
				ASSETCATALOG_COMPILER_APPICON_NAME = AppIcon;
				CODE_SIGN_STYLE = Automatic;
				DEVELOPMENT_TEAM = R92P92MVFL;
				INFOPLIST_FILE = IKAResultApp/Info.plist;
				IPHONEOS_DEPLOYMENT_TARGET = 11.4;
				LD_RUNPATH_SEARCH_PATHS = (
					"$(inherited)",
					"@executable_path/Frameworks",
				);
				PRODUCT_BUNDLE_IDENTIFIER = com.Baminami.IKAResultApp;
				PRODUCT_NAME = "$(TARGET_NAME)";
				SWIFT_VERSION = 4.2;
				TARGETED_DEVICE_FAMILY = "1,2";
			};
			name = Debug;
		};
		1886758021DC83780018721D /* Release */ = {
			isa = XCBuildConfiguration;
			buildSettings = {
				ASSETCATALOG_COMPILER_APPICON_NAME = AppIcon;
				CODE_SIGN_STYLE = Automatic;
				DEVELOPMENT_TEAM = R92P92MVFL;
				INFOPLIST_FILE = IKAResultApp/Info.plist;
				IPHONEOS_DEPLOYMENT_TARGET = 11.4;
				LD_RUNPATH_SEARCH_PATHS = (
					"$(inherited)",
					"@executable_path/Frameworks",
				);
				PRODUCT_BUNDLE_IDENTIFIER = com.Baminami.IKAResultApp;
				PRODUCT_NAME = "$(TARGET_NAME)";
				SWIFT_VERSION = 4.2;
				TARGETED_DEVICE_FAMILY = "1,2";
			};
			name = Release;
		};
/* End XCBuildConfiguration section */

/* Begin XCConfigurationList section */
		1886756421DC83740018721D /* Build configuration list for PBXProject "IKAResultApp" */ = {
			isa = XCConfigurationList;
			buildConfigurations = (
				1886757C21DC83780018721D /* Debug */,
				1886757D21DC83780018721D /* Release */,
			);
			defaultConfigurationIsVisible = 0;
			defaultConfigurationName = Release;
		};
		1886757E21DC83780018721D /* Build configuration list for PBXNativeTarget "IKAResultApp" */ = {
			isa = XCConfigurationList;
			buildConfigurations = (
				1886757F21DC83780018721D /* Debug */,
				1886758021DC83780018721D /* Release */,
			);
			defaultConfigurationIsVisible = 0;
			defaultConfigurationName = Release;
		};
/* End XCConfigurationList section */

/* Begin XCVersionGroup section */
		1886757321DC83740018721D /* IKAResultApp.xcdatamodeld */ = {
			isa = XCVersionGroup;
			children = (
				1886757421DC83740018721D /* IKAResultApp.xcdatamodel */,
			);
			currentVersion = 1886757421DC83740018721D /* IKAResultApp.xcdatamodel */;
			path = IKAResultApp.xcdatamodeld;
			sourceTree = "<group>";
			versionGroupType = wrapper.xcdatamodel;
		};
/* End XCVersionGroup section */
	};
	rootObject = 1886756121DC83740018721D /* Project object */;
}
